
Microsoft Visual Studio Solution File, Format Version 12.00
# Visual Studio 15
VisualStudioVersion = 15.0.27428.2037
MinimumVisualStudioVersion = 10.0.40219.1
Project("{FAE04EC0-301F-11D3-BF4B-00C04F79EFBC}") = "DFDSBetting", "DFDSBetting\DFDSBetting.csproj", "{5DD1495A-4CB6-4C17-8745-505899E19E15}"
EndProject
Project("{FAE04EC0-301F-11D3-BF4B-00C04F79EFBC}") = "DFDSBetting.Tests", "DFDSBetting.Tests\DFDSBetting.Tests.csproj", "{26967E01-68B2-4931-A937-66A23D25A49A}"
EndProject
Global
	GlobalSection(SolutionConfigurationPlatforms) = preSolution
		Debug|Any CPU = Debug|Any CPU
		Release|Any CPU = Release|Any CPU
	EndGlobalSection
	GlobalSection(ProjectConfigurationPlatforms) = postSolution
		{5DD1495A-4CB6-4C17-8745-505899E19E15}.Debug|Any CPU.ActiveCfg = Debug|Any CPU
		{5DD1495A-4CB6-4C17-8745-505899E19E15}.Debug|Any CPU.Build.0 = Debug|Any CPU
		{5DD1495A-4CB6-4C17-8745-505899E19E15}.Release|Any CPU.ActiveCfg = Release|Any CPU
		{5DD1495A-4CB6-4C17-8745-505899E19E15}.Release|Any CPU.Build.0 = Release|Any CPU
		{26967E01-68B2-4931-A937-66A23D25A49A}.Debug|Any CPU.ActiveCfg = Debug|Any CPU
		{26967E01-68B2-4931-A937-66A23D25A49A}.Debug|Any CPU.Build.0 = Debug|Any CPU
		{26967E01-68B2-4931-A937-66A23D25A49A}.Release|Any CPU.ActiveCfg = Release|Any CPU
		{26967E01-68B2-4931-A937-66A23D25A49A}.Release|Any CPU.Build.0 = Release|Any CPU
	EndGlobalSection
	GlobalSection(SolutionProperties) = preSolution
		HideSolutionNode = FALSE
	EndGlobalSection
	GlobalSection(ExtensibilityGlobals) = postSolution
		SolutionGuid = {BF285C67-DE4F-4AF0-8E3E-A107F7EBC1EF}
	EndGlobalSection
EndGlobal
